// !$*UTF8*$!
{
	archiveVersion = 1;
	classes = {
	};
	objectVersion = 56;
	objects = {

/* Begin PBXBuildFile section */
		DB3E7AE729CF479D000ADC6A /* AppDelegate.swift in Sources */ = {isa = PBXBuildFile; fileRef = DB3E7AE629CF479D000ADC6A /* AppDelegate.swift */; };
		DB3E7AE929CF479D000ADC6A /* SceneDelegate.swift in Sources */ = {isa = PBXBuildFile; fileRef = DB3E7AE829CF479D000ADC6A /* SceneDelegate.swift */; };
		DB3E7AEE29CF479D000ADC6A /* Main.storyboard in Resources */ = {isa = PBXBuildFile; fileRef = DB3E7AEC29CF479D000ADC6A /* Main.storyboard */; };
		DB3E7AF029CF479E000ADC6A /* Assets.xcassets in Resources */ = {isa = PBXBuildFile; fileRef = DB3E7AEF29CF479E000ADC6A /* Assets.xcassets */; };
		DB3E7AF329CF479E000ADC6A /* LaunchScreen.storyboard in Resources */ = {isa = PBXBuildFile; fileRef = DB3E7AF129CF479E000ADC6A /* LaunchScreen.storyboard */; };
		DB3E7B0729CF4873000ADC6A /* Constant.swift in Sources */ = {isa = PBXBuildFile; fileRef = DB3E7B0629CF4873000ADC6A /* Constant.swift */; };
		DB3E7B0929CF4899000ADC6A /* Product.swift in Sources */ = {isa = PBXBuildFile; fileRef = DB3E7B0829CF4899000ADC6A /* Product.swift */; };
		DB3E7B0B29CF48C8000ADC6A /* APIManager.swift in Sources */ = {isa = PBXBuildFile; fileRef = DB3E7B0A29CF48C8000ADC6A /* APIManager.swift */; };
		DB3E7B0D29CF48F2000ADC6A /* UIImageView + Extention.swift in Sources */ = {isa = PBXBuildFile; fileRef = DB3E7B0C29CF48F2000ADC6A /* UIImageView + Extention.swift */; };
		DB3E7B1029CF4997000ADC6A /* Kingfisher in Frameworks */ = {isa = PBXBuildFile; productRef = DB3E7B0F29CF4997000ADC6A /* Kingfisher */; };
		DB3E7B1229CF49E9000ADC6A /* ProductViewModel.swift in Sources */ = {isa = PBXBuildFile; fileRef = DB3E7B1129CF49E9000ADC6A /* ProductViewModel.swift */; };
		DB3E7B1429CF4A24000ADC6A /* ProductListViewController.swift in Sources */ = {isa = PBXBuildFile; fileRef = DB3E7B1329CF4A24000ADC6A /* ProductListViewController.swift */; };
		DB3E7B1629CF4AF1000ADC6A /* ProductCell.swift in Sources */ = {isa = PBXBuildFile; fileRef = DB3E7B1529CF4AF1000ADC6A /* ProductCell.swift */; };
		DB89826929CF50AA00077D95 /* DetailsViewController.swift in Sources */ = {isa = PBXBuildFile; fileRef = DB89826829CF50AA00077D95 /* DetailsViewController.swift */; };
/* End PBXBuildFile section */

/* Begin PBXFileReference section */
		DB3E7AE329CF479D000ADC6A /* ProductMVVM.app */ = {isa = PBXFileReference; explicitFileType = wrapper.application; includeInIndex = 0; path = ProductMVVM.app; sourceTree = BUILT_PRODUCTS_DIR; };
		DB3E7AE629CF479D000ADC6A /* AppDelegate.swift */ = {isa = PBXFileReference; lastKnownFileType = sourcecode.swift; path = AppDelegate.swift; sourceTree = "<group>"; };
		DB3E7AE829CF479D000ADC6A /* SceneDelegate.swift */ = {isa = PBXFileReference; lastKnownFileType = sourcecode.swift; path = SceneDelegate.swift; sourceTree = "<group>"; };
		DB3E7AED29CF479D000ADC6A /* Base */ = {isa = PBXFileReference; lastKnownFileType = file.storyboard; name = Base; path = Base.lproj/Main.storyboard; sourceTree = "<group>"; };
		DB3E7AEF29CF479E000ADC6A /* Assets.xcassets */ = {isa = PBXFileReference; lastKnownFileType = folder.assetcatalog; path = Assets.xcassets; sourceTree = "<group>"; };
		DB3E7AF229CF479E000ADC6A /* Base */ = {isa = PBXFileReference; lastKnownFileType = file.storyboard; name = Base; path = Base.lproj/LaunchScreen.storyboard; sourceTree = "<group>"; };
		DB3E7AF429CF479E000ADC6A /* Info.plist */ = {isa = PBXFileReference; lastKnownFileType = text.plist.xml; path = Info.plist; sourceTree = "<group>"; };
		DB3E7B0629CF4873000ADC6A /* Constant.swift */ = {isa = PBXFileReference; lastKnownFileType = sourcecode.swift; path = Constant.swift; sourceTree = "<group>"; };
		DB3E7B0829CF4899000ADC6A /* Product.swift */ = {isa = PBXFileReference; lastKnownFileType = sourcecode.swift; path = Product.swift; sourceTree = "<group>"; };
		DB3E7B0A29CF48C8000ADC6A /* APIManager.swift */ = {isa = PBXFileReference; lastKnownFileType = sourcecode.swift; path = APIManager.swift; sourceTree = "<group>"; };
		DB3E7B0C29CF48F2000ADC6A /* UIImageView + Extention.swift */ = {isa = PBXFileReference; lastKnownFileType = sourcecode.swift; path = "UIImageView + Extention.swift"; sourceTree = "<group>"; };
		DB3E7B1129CF49E9000ADC6A /* ProductViewModel.swift */ = {isa = PBXFileReference; lastKnownFileType = sourcecode.swift; path = ProductViewModel.swift; sourceTree = "<group>"; };
		DB3E7B1329CF4A24000ADC6A /* ProductListViewController.swift */ = {isa = PBXFileReference; lastKnownFileType = sourcecode.swift; path = ProductListViewController.swift; sourceTree = "<group>"; };
		DB3E7B1529CF4AF1000ADC6A /* ProductCell.swift */ = {isa = PBXFileReference; lastKnownFileType = sourcecode.swift; path = ProductCell.swift; sourceTree = "<group>"; };
		DB89826829CF50AA00077D95 /* DetailsViewController.swift */ = {isa = PBXFileReference; lastKnownFileType = sourcecode.swift; path = DetailsViewController.swift; sourceTree = "<group>"; };
/* End PBXFileReference section */

/* Begin PBXFrameworksBuildPhase section */
		DB3E7AE029CF479D000ADC6A /* Frameworks */ = {
			isa = PBXFrameworksBuildPhase;
			buildActionMask = 2147483647;
			files = (
				DB3E7B1029CF4997000ADC6A /* Kingfisher in Frameworks */,
			);
			runOnlyForDeploymentPostprocessing = 0;
		};
/* End PBXFrameworksBuildPhase section */

/* Begin PBXGroup section */
		DB3E7ADA29CF479D000ADC6A = {
			isa = PBXGroup;
			children = (
				DB3E7AE529CF479D000ADC6A /* ProductMVVM */,
				DB3E7AE429CF479D000ADC6A /* Products */,
			);
			sourceTree = "<group>";
		};
		DB3E7AE429CF479D000ADC6A /* Products */ = {
			isa = PBXGroup;
			children = (
				DB3E7AE329CF479D000ADC6A /* ProductMVVM.app */,
			);
			name = Products;
			sourceTree = "<group>";
		};
		DB3E7AE529CF479D000ADC6A /* ProductMVVM */ = {
			isa = PBXGroup;
			children = (
				DB3E7B0029CF481D000ADC6A /* Scenes */,
				DB3E7AFF29CF4815000ADC6A /* Constant */,
				DB3E7AFE29CF480C000ADC6A /* Storyboards */,
				DB3E7AFD29CF47FF000ADC6A /* Application */,
				DB3E7AFC29CF47F7000ADC6A /* Resources */,
				DB3E7AFB29CF47EF000ADC6A /* Helper */,
				DB3E7AFA29CF47E4000ADC6A /* Extention */,
				DB3E7AF429CF479E000ADC6A /* Info.plist */,
			);
			path = ProductMVVM;
			sourceTree = "<group>";
		};
		DB3E7AFA29CF47E4000ADC6A /* Extention */ = {
			isa = PBXGroup;
			children = (
				DB3E7B0C29CF48F2000ADC6A /* UIImageView + Extention.swift */,
			);
			path = Extention;
			sourceTree = "<group>";
		};
		DB3E7AFB29CF47EF000ADC6A /* Helper */ = {
			isa = PBXGroup;
			children = (
				DB3E7B0A29CF48C8000ADC6A /* APIManager.swift */,
			);
			path = Helper;
			sourceTree = "<group>";
		};
		DB3E7AFC29CF47F7000ADC6A /* Resources */ = {
			isa = PBXGroup;
			children = (
				DB3E7AEF29CF479E000ADC6A /* Assets.xcassets */,
			);
			path = Resources;
			sourceTree = "<group>";
		};
		DB3E7AFD29CF47FF000ADC6A /* Application */ = {
			isa = PBXGroup;
			children = (
				DB3E7AE629CF479D000ADC6A /* AppDelegate.swift */,
				DB3E7AE829CF479D000ADC6A /* SceneDelegate.swift */,
			);
			path = Application;
			sourceTree = "<group>";
		};
		DB3E7AFE29CF480C000ADC6A /* Storyboards */ = {
			isa = PBXGroup;
			children = (
				DB3E7AEC29CF479D000ADC6A /* Main.storyboard */,
				DB3E7AF129CF479E000ADC6A /* LaunchScreen.storyboard */,
			);
			path = Storyboards;
			sourceTree = "<group>";
		};
		DB3E7AFF29CF4815000ADC6A /* Constant */ = {
			isa = PBXGroup;
			children = (
				DB3E7B0629CF4873000ADC6A /* Constant.swift */,
			);
			path = Constant;
			sourceTree = "<group>";
		};
		DB3E7B0029CF481D000ADC6A /* Scenes */ = {
			isa = PBXGroup;
			children = (
				DB3E7B0329CF4832000ADC6A /* Model */,
				DB3E7B0229CF482C000ADC6A /* View */,
				DB3E7B0129CF4823000ADC6A /* ViewModel */,
			);
			path = Scenes;
			sourceTree = "<group>";
		};
		DB3E7B0129CF4823000ADC6A /* ViewModel */ = {
			isa = PBXGroup;
			children = (
				DB3E7B1129CF49E9000ADC6A /* ProductViewModel.swift */,
			);
			path = ViewModel;
			sourceTree = "<group>";
		};
		DB3E7B0229CF482C000ADC6A /* View */ = {
			isa = PBXGroup;
			children = (
				DB3E7B1329CF4A24000ADC6A /* ProductListViewController.swift */,
				DB3E7B1529CF4AF1000ADC6A /* ProductCell.swift */,
				DB89826829CF50AA00077D95 /* DetailsViewController.swift */,
			);
			path = View;
			sourceTree = "<group>";
		};
		DB3E7B0329CF4832000ADC6A /* Model */ = {
			isa = PBXGroup;
			children = (
				DB3E7B0829CF4899000ADC6A /* Product.swift */,
			);
			path = Model;
			sourceTree = "<group>";
		};
/* End PBXGroup section */

/* Begin PBXNativeTarget section */
		DB3E7AE229CF479D000ADC6A /* ProductMVVM */ = {
			isa = PBXNativeTarget;
			buildConfigurationList = DB3E7AF729CF479E000ADC6A /* Build configuration list for PBXNativeTarget "ProductMVVM" */;
			buildPhases = (
				DB3E7ADF29CF479D000ADC6A /* Sources */,
				DB3E7AE029CF479D000ADC6A /* Frameworks */,
				DB3E7AE129CF479D000ADC6A /* Resources */,
			);
			buildRules = (
			);
			dependencies = (
			);
			name = ProductMVVM;
			packageProductDependencies = (
				DB3E7B0F29CF4997000ADC6A /* Kingfisher */,
			);
			productName = ProductMVVM;
			productReference = DB3E7AE329CF479D000ADC6A /* ProductMVVM.app */;
			productType = "com.apple.product-type.application";
		};
/* End PBXNativeTarget section */

/* Begin PBXProject section */
		DB3E7ADB29CF479D000ADC6A /* Project object */ = {
			isa = PBXProject;
			attributes = {
				BuildIndependentTargetsInParallel = 1;
				LastSwiftUpdateCheck = 1420;
				LastUpgradeCheck = 1420;
				TargetAttributes = {
					DB3E7AE229CF479D000ADC6A = {
						CreatedOnToolsVersion = 14.2;
					};
				};
			};
			buildConfigurationList = DB3E7ADE29CF479D000ADC6A /* Build configuration list for PBXProject "ProductMVVM" */;
			compatibilityVersion = "Xcode 14.0";
			developmentRegion = en;
			hasScannedForEncodings = 0;
			knownRegions = (
				en,
				Base,
			);
			mainGroup = DB3E7ADA29CF479D000ADC6A;
			packageReferences = (
				DB3E7B0E29CF4997000ADC6A /* XCRemoteSwiftPackageReference "Kingfisher" */,
			);
			productRefGroup = DB3E7AE429CF479D000ADC6A /* Products */;
			projectDirPath = "";
			projectRoot = "";
			targets = (
				DB3E7AE229CF479D000ADC6A /* ProductMVVM */,
			);
		};
/* End PBXProject section */

/* Begin PBXResourcesBuildPhase section */
		DB3E7AE129CF479D000ADC6A /* Resources */ = {
			isa = PBXResourcesBuildPhase;
			buildActionMask = 2147483647;
			files = (
				DB3E7AF329CF479E000ADC6A /* LaunchScreen.storyboard in Resources */,
				DB3E7AF029CF479E000ADC6A /* Assets.xcassets in Resources */,
				DB3E7AEE29CF479D000ADC6A /* Main.storyboard in Resources */,
			);
			runOnlyForDeploymentPostprocessing = 0;
		};
/* End PBXResourcesBuildPhase section */

/* Begin PBXSourcesBuildPhase section */
		DB3E7ADF29CF479D000ADC6A /* Sources */ = {
			isa = PBXSourcesBuildPhase;
			buildActionMask = 2147483647;
			files = (
				DB3E7B1229CF49E9000ADC6A /* ProductViewModel.swift in Sources */,
				DB3E7B0729CF4873000ADC6A /* Constant.swift in Sources */,
				DB3E7B0929CF4899000ADC6A /* Product.swift in Sources */,
				DB3E7B0B29CF48C8000ADC6A /* APIManager.swift in Sources */,
				DB3E7B0D29CF48F2000ADC6A /* UIImageView + Extention.swift in Sources */,
				DB3E7AE729CF479D000ADC6A /* AppDelegate.swift in Sources */,
				DB3E7B1629CF4AF1000ADC6A /* ProductCell.swift in Sources */,
				DB3E7B1429CF4A24000ADC6A /* ProductListViewController.swift in Sources */,
				DB3E7AE929CF479D000ADC6A /* SceneDelegate.swift in Sources */,
				DB89826929CF50AA00077D95 /* DetailsViewController.swift in Sources */,
			);
			runOnlyForDeploymentPostprocessing = 0;
		};
/* End PBXSourcesBuildPhase section */

/* Begin PBXVariantGroup section */
		DB3E7AEC29CF479D000ADC6A /* Main.storyboard */ = {
			isa = PBXVariantGroup;
			children = (
				DB3E7AED29CF479D000ADC6A /* Base */,
			);
			name = Main.storyboard;
			sourceTree = "<group>";
		};
		DB3E7AF129CF479E000ADC6A /* LaunchScreen.storyboard */ = {
			isa = PBXVariantGroup;
			children = (
				DB3E7AF229CF479E000ADC6A /* Base */,
			);
			name = LaunchScreen.storyboard;
			sourceTree = "<group>";
		};
/* End PBXVariantGroup section */

/* Begin XCBuildConfiguration section */
		DB3E7AF529CF479E000ADC6A /* Debug */ = {
			isa = XCBuildConfiguration;
			buildSettings = {
				ALWAYS_SEARCH_USER_PATHS = NO;
				CLANG_ANALYZER_NONNULL = YES;
				CLANG_ANALYZER_NUMBER_OBJECT_CONVERSION = YES_AGGRESSIVE;
				CLANG_CXX_LANGUAGE_STANDARD = "gnu++20";
				CLANG_ENABLE_MODULES = YES;
				CLANG_ENABLE_OBJC_ARC = YES;
				CLANG_ENABLE_OBJC_WEAK = YES;
				CLANG_WARN_BLOCK_CAPTURE_AUTORELEASING = YES;
				CLANG_WARN_BOOL_CONVERSION = YES;
				CLANG_WARN_COMMA = YES;
				CLANG_WARN_CONSTANT_CONVERSION = YES;
				CLANG_WARN_DEPRECATED_OBJC_IMPLEMENTATIONS = YES;
				CLANG_WARN_DIRECT_OBJC_ISA_USAGE = YES_ERROR;
				CLANG_WARN_DOCUMENTATION_COMMENTS = YES;
				CLANG_WARN_EMPTY_BODY = YES;
				CLANG_WARN_ENUM_CONVERSION = YES;
				CLANG_WARN_INFINITE_RECURSION = YES;
				CLANG_WARN_INT_CONVERSION = YES;
				CLANG_WARN_NON_LITERAL_NULL_CONVERSION = YES;
				CLANG_WARN_OBJC_IMPLICIT_RETAIN_SELF = YES;
				CLANG_WARN_OBJC_LITERAL_CONVERSION = YES;
				CLANG_WARN_OBJC_ROOT_CLASS = YES_ERROR;
				CLANG_WARN_QUOTED_INCLUDE_IN_FRAMEWORK_HEADER = YES;
				CLANG_WARN_RANGE_LOOP_ANALYSIS = YES;
				CLANG_WARN_STRICT_PROTOTYPES = YES;
				CLANG_WARN_SUSPICIOUS_MOVE = YES;
				CLANG_WARN_UNGUARDED_AVAILABILITY = YES_AGGRESSIVE;
				CLANG_WARN_UNREACHABLE_CODE = YES;
				CLANG_WARN__DUPLICATE_METHOD_MATCH = YES;
				COPY_PHASE_STRIP = NO;
				DEBUG_INFORMATION_FORMAT = dwarf;
				ENABLE_STRICT_OBJC_MSGSEND = YES;
				ENABLE_TESTABILITY = YES;
				GCC_C_LANGUAGE_STANDARD = gnu11;
				GCC_DYNAMIC_NO_PIC = NO;
				GCC_NO_COMMON_BLOCKS = YES;
				GCC_OPTIMIZATION_LEVEL = 0;
				GCC_PREPROCESSOR_DEFINITIONS = (
					"DEBUG=1",
					"$(inherited)",
				);
				GCC_WARN_64_TO_32_BIT_CONVERSION = YES;
				GCC_WARN_ABOUT_RETURN_TYPE = YES_ERROR;
				GCC_WARN_UNDECLARED_SELECTOR = YES;
				GCC_WARN_UNINITIALIZED_AUTOS = YES_AGGRESSIVE;
				GCC_WARN_UNUSED_FUNCTION = YES;
				GCC_WARN_UNUSED_VARIABLE = YES;
				IPHONEOS_DEPLOYMENT_TARGET = 16.2;
				MTL_ENABLE_DEBUG_INFO = INCLUDE_SOURCE;
				MTL_FAST_MATH = YES;
				ONLY_ACTIVE_ARCH = YES;
				SDKROOT = iphoneos;
				SWIFT_ACTIVE_COMPILATION_CONDITIONS = DEBUG;
				SWIFT_OPTIMIZATION_LEVEL = "-Onone";
			};
			name = Debug;
		};
		DB3E7AF629CF479E000ADC6A /* Release */ = {
			isa = XCBuildConfiguration;
			buildSettings = {
				ALWAYS_SEARCH_USER_PATHS = NO;
				CLANG_ANALYZER_NONNULL = YES;
				CLANG_ANALYZER_NUMBER_OBJECT_CONVERSION = YES_AGGRESSIVE;
				CLANG_CXX_LANGUAGE_STANDARD = "gnu++20";
				CLANG_ENABLE_MODULES = YES;
				CLANG_ENABLE_OBJC_ARC = YES;
				CLANG_ENABLE_OBJC_WEAK = YES;
				CLANG_WARN_BLOCK_CAPTURE_AUTORELEASING = YES;
				CLANG_WARN_BOOL_CONVERSION = YES;
				CLANG_WARN_COMMA = YES;
				CLANG_WARN_CONSTANT_CONVERSION = YES;
				CLANG_WARN_DEPRECATED_OBJC_IMPLEMENTATIONS = YES;
				CLANG_WARN_DIRECT_OBJC_ISA_USAGE = YES_ERROR;
				CLANG_WARN_DOCUMENTATION_COMMENTS = YES;
				CLANG_WARN_EMPTY_BODY = YES;
				CLANG_WARN_ENUM_CONVERSION = YES;
				CLANG_WARN_INFINITE_RECURSION = YES;
				CLANG_WARN_INT_CONVERSION = YES;
				CLANG_WARN_NON_LITERAL_NULL_CONVERSION = YES;
				CLANG_WARN_OBJC_IMPLICIT_RETAIN_SELF = YES;
				CLANG_WARN_OBJC_LITERAL_CONVERSION = YES;
				CLANG_WARN_OBJC_ROOT_CLASS = YES_ERROR;
				CLANG_WARN_QUOTED_INCLUDE_IN_FRAMEWORK_HEADER = YES;
				CLANG_WARN_RANGE_LOOP_ANALYSIS = YES;
				CLANG_WARN_STRICT_PROTOTYPES = YES;
				CLANG_WARN_SUSPICIOUS_MOVE = YES;
				CLANG_WARN_UNGUARDED_AVAILABILITY = YES_AGGRESSIVE;
				CLANG_WARN_UNREACHABLE_CODE = YES;
				CLANG_WARN__DUPLICATE_METHOD_MATCH = YES;
				COPY_PHASE_STRIP = NO;
				DEBUG_INFORMATION_FORMAT = "dwarf-with-dsym";
				ENABLE_NS_ASSERTIONS = NO;
				ENABLE_STRICT_OBJC_MSGSEND = YES;
				GCC_C_LANGUAGE_STANDARD = gnu11;
				GCC_NO_COMMON_BLOCKS = YES;
				GCC_WARN_64_TO_32_BIT_CONVERSION = YES;
				GCC_WARN_ABOUT_RETURN_TYPE = YES_ERROR;
				GCC_WARN_UNDECLARED_SELECTOR = YES;
				GCC_WARN_UNINITIALIZED_AUTOS = YES_AGGRESSIVE;
				GCC_WARN_UNUSED_FUNCTION = YES;
				GCC_WARN_UNUSED_VARIABLE = YES;
				IPHONEOS_DEPLOYMENT_TARGET = 16.2;
				MTL_ENABLE_DEBUG_INFO = NO;
				MTL_FAST_MATH = YES;
				SDKROOT = iphoneos;
				SWIFT_COMPILATION_MODE = wholemodule;
				SWIFT_OPTIMIZATION_LEVEL = "-O";
				VALIDATE_PRODUCT = YES;
			};
			name = Release;
		};
		DB3E7AF829CF479E000ADC6A /* Debug */ = {
			isa = XCBuildConfiguration;
			buildSettings = {
				ASSETCATALOG_COMPILER_APPICON_NAME = AppIcon;
				ASSETCATALOG_COMPILER_GLOBAL_ACCENT_COLOR_NAME = AccentColor;
				CODE_SIGN_STYLE = Automatic;
				CURRENT_PROJECT_VERSION = 1;
				GENERATE_INFOPLIST_FILE = YES;
				INFOPLIST_FILE = ProductMVVM/Info.plist;
				INFOPLIST_KEY_UIApplicationSupportsIndirectInputEvents = YES;
				INFOPLIST_KEY_UILaunchStoryboardName = LaunchScreen;
				INFOPLIST_KEY_UIMainStoryboardFile = Main;
				INFOPLIST_KEY_UISupportedInterfaceOrientations_iPad = "UIInterfaceOrientationPortrait UIInterfaceOrientationPortraitUpsideDown UIInterfaceOrientationLandscapeLeft UIInterfaceOrientationLandscapeRight";
				INFOPLIST_KEY_UISupportedInterfaceOrientations_iPhone = "UIInterfaceOrientationPortrait UIInterfaceOrientationLandscapeLeft UIInterfaceOrientationLandscapeRight";
				LD_RUNPATH_SEARCH_PATHS = (
					"$(inherited)",
					"@executable_path/Frameworks",
				);
				MARKETING_VERSION = 1.0;
				PRODUCT_BUNDLE_IDENTIFIER = com.umitsimsek.ProductMVVM;
				PRODUCT_NAME = "$(TARGET_NAME)";
				SWIFT_EMIT_LOC_STRINGS = YES;
				SWIFT_VERSION = 5.0;
				TARGETED_DEVICE_FAMILY = "1,2";
			};
			name = Debug;
		};
		DB3E7AF929CF479E000ADC6A /* Release */ = {
			isa = XCBuildConfiguration;
			buildSettings = {
				ASSETCATALOG_COMPILER_APPICON_NAME = AppIcon;
				ASSETCATALOG_COMPILER_GLOBAL_ACCENT_COLOR_NAME = AccentColor;
				CODE_SIGN_STYLE = Automatic;
				CURRENT_PROJECT_VERSION = 1;
				GENERATE_INFOPLIST_FILE = YES;
				INFOPLIST_FILE = ProductMVVM/Info.plist;
				INFOPLIST_KEY_UIApplicationSupportsIndirectInputEvents = YES;
				INFOPLIST_KEY_UILaunchStoryboardName = LaunchScreen;
				INFOPLIST_KEY_UIMainStoryboardFile = Main;
				INFOPLIST_KEY_UISupportedInterfaceOrientations_iPad = "UIInterfaceOrientationPortrait UIInterfaceOrientationPortraitUpsideDown UIInterfaceOrientationLandscapeLeft UIInterfaceOrientationLandscapeRight";
				INFOPLIST_KEY_UISupportedInterfaceOrientations_iPhone = "UIInterfaceOrientationPortrait UIInterfaceOrientationLandscapeLeft UIInterfaceOrientationLandscapeRight";
				LD_RUNPATH_SEARCH_PATHS = (
					"$(inherited)",
					"@executable_path/Frameworks",
				);
				MARKETING_VERSION = 1.0;
				PRODUCT_BUNDLE_IDENTIFIER = com.umitsimsek.ProductMVVM;
				PRODUCT_NAME = "$(TARGET_NAME)";
				SWIFT_EMIT_LOC_STRINGS = YES;
				SWIFT_VERSION = 5.0;
				TARGETED_DEVICE_FAMILY = "1,2";
			};
			name = Release;
		};
/* End XCBuildConfiguration section */

/* Begin XCConfigurationList section */
		DB3E7ADE29CF479D000ADC6A /* Build configuration list for PBXProject "ProductMVVM" */ = {
			isa = XCConfigurationList;
			buildConfigurations = (
				DB3E7AF529CF479E000ADC6A /* Debug */,
				DB3E7AF629CF479E000ADC6A /* Release */,
			);
			defaultConfigurationIsVisible = 0;
			defaultConfigurationName = Release;
		};
		DB3E7AF729CF479E000ADC6A /* Build configuration list for PBXNativeTarget "ProductMVVM" */ = {
			isa = XCConfigurationList;
			buildConfigurations = (
				DB3E7AF829CF479E000ADC6A /* Debug */,
				DB3E7AF929CF479E000ADC6A /* Release */,
			);
			defaultConfigurationIsVisible = 0;
			defaultConfigurationName = Release;
		};
/* End XCConfigurationList section */

/* Begin XCRemoteSwiftPackageReference section */
		DB3E7B0E29CF4997000ADC6A /* XCRemoteSwiftPackageReference "Kingfisher" */ = {
			isa = XCRemoteSwiftPackageReference;
			repositoryURL = "https://github.com/onevcat/Kingfisher.git";
			requirement = {
				branch = master;
				kind = branch;
			};
		};
/* End XCRemoteSwiftPackageReference section */

/* Begin XCSwiftPackageProductDependency section */
		DB3E7B0F29CF4997000ADC6A /* Kingfisher */ = {
			isa = XCSwiftPackageProductDependency;
			package = DB3E7B0E29CF4997000ADC6A /* XCRemoteSwiftPackageReference "Kingfisher" */;
			productName = Kingfisher;
		};
/* End XCSwiftPackageProductDependency section */
	};
	rootObject = DB3E7ADB29CF479D000ADC6A /* Project object */;
}
